
Microsoft Visual Studio Solution File, Format Version 12.00
# Visual Studio Version 17
VisualStudioVersion = 17.7.34221.43
MinimumVisualStudioVersion = 10.0.40219.1
Project("{FAE04EC0-301F-11D3-BF4B-00C04F79EFBC}") = "Lab4", "Lab4\Lab4.csproj", "{B92E8969-9D1D-4EBD-BE18-01A2F33A1DD8}"
EndProject
Global
	GlobalSection(SolutionConfigurationPlatforms) = preSolution
		Debug|Any CPU = Debug|Any CPU
		Release|Any CPU = Release|Any CPU
	EndGlobalSection
	GlobalSection(ProjectConfigurationPlatforms) = postSolution
		{B92E8969-9D1D-4EBD-BE18-01A2F33A1DD8}.Debug|Any CPU.ActiveCfg = Debug|Any CPU
		{B92E8969-9D1D-4EBD-BE18-01A2F33A1DD8}.Debug|Any CPU.Build.0 = Debug|Any CPU
		{B92E8969-9D1D-4EBD-BE18-01A2F33A1DD8}.Release|Any CPU.ActiveCfg = Release|Any CPU
		{B92E8969-9D1D-4EBD-BE18-01A2F33A1DD8}.Release|Any CPU.Build.0 = Release|Any CPU
	EndGlobalSection
	GlobalSection(SolutionProperties) = preSolution
		HideSolutionNode = FALSE
	EndGlobalSection
	GlobalSection(ExtensibilityGlobals) = postSolution
		SolutionGuid = {3FB9C886-E58F-44A4-B00A-BCB12C08E9B8}
	EndGlobalSection
EndGlobal
